
Microsoft Visual Studio Solution File, Format Version 12.00
# Visual Studio Version 16
VisualStudioVersion = 16.0.29411.108
MinimumVisualStudioVersion = 10.0.40219.1
Project("{FAE04EC0-301F-11D3-BF4B-00C04F79EFBC}") = "TeacherScheduler", "TeacherScheduler\TeacherScheduler.csproj", "{97998542-8829-471E-A4B9-90849CF5D12B}"
EndProject
Global
	GlobalSection(SolutionConfigurationPlatforms) = preSolution
		Debug|Any CPU = Debug|Any CPU
		Release|Any CPU = Release|Any CPU
	EndGlobalSection
	GlobalSection(ProjectConfigurationPlatforms) = postSolution
		{97998542-8829-471E-A4B9-90849CF5D12B}.Debug|Any CPU.ActiveCfg = Debug|Any CPU
		{97998542-8829-471E-A4B9-90849CF5D12B}.Debug|Any CPU.Build.0 = Debug|Any CPU
		{97998542-8829-471E-A4B9-90849CF5D12B}.Release|Any CPU.ActiveCfg = Release|Any CPU
		{97998542-8829-471E-A4B9-90849CF5D12B}.Release|Any CPU.Build.0 = Release|Any CPU
	EndGlobalSection
	GlobalSection(SolutionProperties) = preSolution
		HideSolutionNode = FALSE
	EndGlobalSection
	GlobalSection(ExtensibilityGlobals) = postSolution
		SolutionGuid = {31441576-C2EF-48BA-9806-20DF50C33D26}
	EndGlobalSection
EndGlobal
